{
  "version": 1,
  "dependencies": {
    "net8.0-windows7.0": {
      "DalamudPackager": {
        "type": "Direct",
        "requested": "[2.1.13, )",
        "resolved": "2.1.13",
        "contentHash": "rMN1omGe8536f4xLMvx9NwfvpAc9YFFfeXJ1t4P4PE6Gu8WCIoFliR1sh07hM+bfODmesk/dvMbji7vNI+B/pQ=="
      },
      "LiteDB": {
        "type": "Direct",
        "requested": "[5.0.16, )",
        "resolved": "5.0.16",
        "contentHash": "DMUYdRlgNbrSlyWzdQ4GqW934ntNHBGWMTNQlOL4hWz8WnveY6V9ZGo2ntPrSATW7kat8v5VoCXGSzToPiwZWw=="
      }
    }
  }
}